// !$*UTF8*$!
{
	archiveVersion = 1;
	classes = {
	};
	objectVersion = 48;
	objects = {

/* Begin PBXBuildFile section */
		01EDDA341F0DD16800DAD2AB /* AppDelegate.swift in Sources */ = {isa = PBXBuildFile; fileRef = 01EDDA331F0DD16800DAD2AB /* AppDelegate.swift */; };
		01EDDA361F0DD16800DAD2AB /* ViewController.swift in Sources */ = {isa = PBXBuildFile; fileRef = 01EDDA351F0DD16800DAD2AB /* ViewController.swift */; };
		01EDDA391F0DD16800DAD2AB /* Main.storyboard in Resources */ = {isa = PBXBuildFile; fileRef = 01EDDA371F0DD16800DAD2AB /* Main.storyboard */; };
		01EDDA3B1F0DD16800DAD2AB /* Assets.xcassets in Resources */ = {isa = PBXBuildFile; fileRef = 01EDDA3A1F0DD16800DAD2AB /* Assets.xcassets */; };
		01EDDA3E1F0DD16800DAD2AB /* LaunchScreen.storyboard in Resources */ = {isa = PBXBuildFile; fileRef = 01EDDA3C1F0DD16800DAD2AB /* LaunchScreen.storyboard */; };
/* End PBXBuildFile section */

/* Begin PBXFileReference section */
		01EDDA301F0DD16800DAD2AB /* JnglMobile.app */ = {isa = PBXFileReference; explicitFileType = wrapper.application; includeInIndex = 0; path = JnglMobile.app; sourceTree = BUILT_PRODUCTS_DIR; };
		01EDDA331F0DD16800DAD2AB /* AppDelegate.swift */ = {isa = PBXFileReference; lastKnownFileType = sourcecode.swift; path = AppDelegate.swift; sourceTree = "<group>"; };
		01EDDA351F0DD16800DAD2AB /* ViewController.swift */ = {isa = PBXFileReference; lastKnownFileType = sourcecode.swift; path = ViewController.swift; sourceTree = "<group>"; };
		01EDDA381F0DD16800DAD2AB /* Base */ = {isa = PBXFileReference; lastKnownFileType = file.storyboard; name = Base; path = Base.lproj/Main.storyboard; sourceTree = "<group>"; };
		01EDDA3A1F0DD16800DAD2AB /* Assets.xcassets */ = {isa = PBXFileReference; lastKnownFileType = folder.assetcatalog; path = Assets.xcassets; sourceTree = "<group>"; };
		01EDDA3D1F0DD16800DAD2AB /* Base */ = {isa = PBXFileReference; lastKnownFileType = file.storyboard; name = Base; path = Base.lproj/LaunchScreen.storyboard; sourceTree = "<group>"; };
		01EDDA3F1F0DD16800DAD2AB /* Info.plist */ = {isa = PBXFileReference; lastKnownFileType = text.plist.xml; path = Info.plist; sourceTree = "<group>"; };
/* End PBXFileReference section */

/* Begin PBXFrameworksBuildPhase section */
		01EDDA2D1F0DD16800DAD2AB /* Frameworks */ = {
			isa = PBXFrameworksBuildPhase;
			buildActionMask = 2147483647;
			files = (
			);
			runOnlyForDeploymentPostprocessing = 0;
		};
/* End PBXFrameworksBuildPhase section */

/* Begin PBXGroup section */
		01EDDA271F0DD16700DAD2AB = {
			isa = PBXGroup;
			children = (
				01EDDA321F0DD16800DAD2AB /* JnglMobile */,
				01EDDA311F0DD16800DAD2AB /* Products */,
			);
			sourceTree = "<group>";
		};
		01EDDA311F0DD16800DAD2AB /* Products */ = {
			isa = PBXGroup;
			children = (
				01EDDA301F0DD16800DAD2AB /* JnglMobile.app */,
			);
			name = Products;
			sourceTree = "<group>";
		};
		01EDDA321F0DD16800DAD2AB /* JnglMobile */ = {
			isa = PBXGroup;
			children = (
				01EDDA331F0DD16800DAD2AB /* AppDelegate.swift */,
				01EDDA351F0DD16800DAD2AB /* ViewController.swift */,
				01EDDA371F0DD16800DAD2AB /* Main.storyboard */,
				01EDDA3A1F0DD16800DAD2AB /* Assets.xcassets */,
				01EDDA3C1F0DD16800DAD2AB /* LaunchScreen.storyboard */,
				01EDDA3F1F0DD16800DAD2AB /* Info.plist */,
			);
			path = JnglMobile;
			sourceTree = "<group>";
		};
/* End PBXGroup section */

/* Begin PBXNativeTarget section */
		01EDDA2F1F0DD16800DAD2AB /* JnglMobile */ = {
			isa = PBXNativeTarget;
			buildConfigurationList = 01EDDA421F0DD16800DAD2AB /* Build configuration list for PBXNativeTarget "JnglMobile" */;
			buildPhases = (
				01EDDA2C1F0DD16800DAD2AB /* Sources */,
				01EDDA2D1F0DD16800DAD2AB /* Frameworks */,
				01EDDA2E1F0DD16800DAD2AB /* Resources */,
			);
			buildRules = (
			);
			dependencies = (
			);
			name = JnglMobile;
			productName = JnglMobile;
			productReference = 01EDDA301F0DD16800DAD2AB /* JnglMobile.app */;
			productType = "com.apple.product-type.application";
		};
/* End PBXNativeTarget section */

/* Begin PBXProject section */
		01EDDA281F0DD16700DAD2AB /* Project object */ = {
			isa = PBXProject;
			attributes = {
				LastSwiftUpdateCheck = 0900;
				LastUpgradeCheck = 0900;
				ORGANIZATIONNAME = aheadbyacentury;
				TargetAttributes = {
					01EDDA2F1F0DD16800DAD2AB = {
						CreatedOnToolsVersion = 9.0;
					};
				};
			};
			buildConfigurationList = 01EDDA2B1F0DD16700DAD2AB /* Build configuration list for PBXProject "JnglMobile" */;
			compatibilityVersion = "Xcode 8.0";
			developmentRegion = en;
			hasScannedForEncodings = 0;
			knownRegions = (
				en,
				Base,
			);
			mainGroup = 01EDDA271F0DD16700DAD2AB;
			productRefGroup = 01EDDA311F0DD16800DAD2AB /* Products */;
			projectDirPath = "";
			projectRoot = "";
			targets = (
				01EDDA2F1F0DD16800DAD2AB /* JnglMobile */,
			);
		};
/* End PBXProject section */

/* Begin PBXResourcesBuildPhase section */
		01EDDA2E1F0DD16800DAD2AB /* Resources */ = {
			isa = PBXResourcesBuildPhase;
			buildActionMask = 2147483647;
			files = (
				01EDDA3E1F0DD16800DAD2AB /* LaunchScreen.storyboard in Resources */,
				01EDDA3B1F0DD16800DAD2AB /* Assets.xcassets in Resources */,
				01EDDA391F0DD16800DAD2AB /* Main.storyboard in Resources */,
			);
			runOnlyForDeploymentPostprocessing = 0;
		};
/* End PBXResourcesBuildPhase section */

/* Begin PBXSourcesBuildPhase section */
		01EDDA2C1F0DD16800DAD2AB /* Sources */ = {
			isa = PBXSourcesBuildPhase;
			buildActionMask = 2147483647;
			files = (
				01EDDA361F0DD16800DAD2AB /* ViewController.swift in Sources */,
				01EDDA341F0DD16800DAD2AB /* AppDelegate.swift in Sources */,
			);
			runOnlyForDeploymentPostprocessing = 0;
		};
/* End PBXSourcesBuildPhase section */

/* Begin PBXVariantGroup section */
		01EDDA371F0DD16800DAD2AB /* Main.storyboard */ = {
			isa = PBXVariantGroup;
			children = (
				01EDDA381F0DD16800DAD2AB /* Base */,
			);
			name = Main.storyboard;
			sourceTree = "<group>";
		};
		01EDDA3C1F0DD16800DAD2AB /* LaunchScreen.storyboard */ = {
			isa = PBXVariantGroup;
			children = (
				01EDDA3D1F0DD16800DAD2AB /* Base */,
			);
			name = LaunchScreen.storyboard;
			sourceTree = "<group>";
		};
/* End PBXVariantGroup section */

/* Begin XCBuildConfiguration section */
		01EDDA401F0DD16800DAD2AB /* Debug */ = {
			isa = XCBuildConfiguration;
			buildSettings = {
				ALWAYS_SEARCH_USER_PATHS = NO;
				CLANG_ANALYZER_NONNULL = YES;
				CLANG_ANALYZER_NUMBER_OBJECT_CONVERSION = YES_AGGRESSIVE;
				CLANG_CXX_LANGUAGE_STANDARD = "gnu++14";
				CLANG_CXX_LIBRARY = "libc++";
				CLANG_ENABLE_MODULES = YES;
				CLANG_ENABLE_OBJC_ARC = YES;
				CLANG_WARN_BLOCK_CAPTURE_AUTORELEASING = YES;
				CLANG_WARN_BOOL_CONVERSION = YES;
				CLANG_WARN_COMMA = YES;
				CLANG_WARN_CONSTANT_CONVERSION = YES;
				CLANG_WARN_DIRECT_OBJC_ISA_USAGE = YES_ERROR;
				CLANG_WARN_DOCUMENTATION_COMMENTS = YES;
				CLANG_WARN_EMPTY_BODY = YES;
				CLANG_WARN_ENUM_CONVERSION = YES;
				CLANG_WARN_INFINITE_RECURSION = YES;
				CLANG_WARN_INT_CONVERSION = YES;
				CLANG_WARN_OBJC_ROOT_CLASS = YES_ERROR;
				CLANG_WARN_RANGE_LOOP_ANALYSIS = YES;
				CLANG_WARN_STRICT_PROTOTYPES = YES;
				CLANG_WARN_SUSPICIOUS_MOVE = YES;
				CLANG_WARN_UNGUARDED_AVAILABILITY = YES_AGGRESSIVE;
				CLANG_WARN_UNREACHABLE_CODE = YES;
				CLANG_WARN__DUPLICATE_METHOD_MATCH = YES;
				CODE_SIGN_IDENTITY = "iPhone Developer";
				COPY_PHASE_STRIP = NO;
				DEBUG_INFORMATION_FORMAT = dwarf;
				ENABLE_STRICT_OBJC_MSGSEND = YES;
				ENABLE_TESTABILITY = YES;
				GCC_C_LANGUAGE_STANDARD = gnu11;
				GCC_DYNAMIC_NO_PIC = NO;
				GCC_NO_COMMON_BLOCKS = YES;
				GCC_OPTIMIZATION_LEVEL = 0;
				GCC_PREPROCESSOR_DEFINITIONS = (
					"DEBUG=1",
					"$(inherited)",
				);
				GCC_WARN_64_TO_32_BIT_CONVERSION = YES;
				GCC_WARN_ABOUT_RETURN_TYPE = YES_ERROR;
				GCC_WARN_UNDECLARED_SELECTOR = YES;
				GCC_WARN_UNINITIALIZED_AUTOS = YES_AGGRESSIVE;
				GCC_WARN_UNUSED_FUNCTION = YES;
				GCC_WARN_UNUSED_VARIABLE = YES;
				IPHONEOS_DEPLOYMENT_TARGET = 11.0;
				MTL_ENABLE_DEBUG_INFO = YES;
				ONLY_ACTIVE_ARCH = YES;
				SDKROOT = iphoneos;
				SWIFT_ACTIVE_COMPILATION_CONDITIONS = DEBUG;
				SWIFT_OPTIMIZATION_LEVEL = "-Onone";
			};
			name = Debug;
		};
		01EDDA411F0DD16800DAD2AB /* Release */ = {
			isa = XCBuildConfiguration;
			buildSettings = {
				ALWAYS_SEARCH_USER_PATHS = NO;
				CLANG_ANALYZER_NONNULL = YES;
				CLANG_ANALYZER_NUMBER_OBJECT_CONVERSION = YES_AGGRESSIVE;
				CLANG_CXX_LANGUAGE_STANDARD = "gnu++14";
				CLANG_CXX_LIBRARY = "libc++";
				CLANG_ENABLE_MODULES = YES;
				CLANG_ENABLE_OBJC_ARC = YES;
				CLANG_WARN_BLOCK_CAPTURE_AUTORELEASING = YES;
				CLANG_WARN_BOOL_CONVERSION = YES;
				CLANG_WARN_COMMA = YES;
				CLANG_WARN_CONSTANT_CONVERSION = YES;
				CLANG_WARN_DIRECT_OBJC_ISA_USAGE = YES_ERROR;
				CLANG_WARN_DOCUMENTATION_COMMENTS = YES;
				CLANG_WARN_EMPTY_BODY = YES;
				CLANG_WARN_ENUM_CONVERSION = YES;
				CLANG_WARN_INFINITE_RECURSION = YES;
				CLANG_WARN_INT_CONVERSION = YES;
				CLANG_WARN_OBJC_ROOT_CLASS = YES_ERROR;
				CLANG_WARN_RANGE_LOOP_ANALYSIS = YES;
				CLANG_WARN_STRICT_PROTOTYPES = YES;
				CLANG_WARN_SUSPICIOUS_MOVE = YES;
				CLANG_WARN_UNGUARDED_AVAILABILITY = YES_AGGRESSIVE;
				CLANG_WARN_UNREACHABLE_CODE = YES;
				CLANG_WARN__DUPLICATE_METHOD_MATCH = YES;
				CODE_SIGN_IDENTITY = "iPhone Developer";
				COPY_PHASE_STRIP = NO;
				DEBUG_INFORMATION_FORMAT = "dwarf-with-dsym";
				ENABLE_NS_ASSERTIONS = NO;
				ENABLE_STRICT_OBJC_MSGSEND = YES;
				GCC_C_LANGUAGE_STANDARD = gnu11;
				GCC_NO_COMMON_BLOCKS = YES;
				GCC_WARN_64_TO_32_BIT_CONVERSION = YES;
				GCC_WARN_ABOUT_RETURN_TYPE = YES_ERROR;
				GCC_WARN_UNDECLARED_SELECTOR = YES;
				GCC_WARN_UNINITIALIZED_AUTOS = YES_AGGRESSIVE;
				GCC_WARN_UNUSED_FUNCTION = YES;
				GCC_WARN_UNUSED_VARIABLE = YES;
				IPHONEOS_DEPLOYMENT_TARGET = 11.0;
				MTL_ENABLE_DEBUG_INFO = NO;
				SDKROOT = iphoneos;
				SWIFT_OPTIMIZATION_LEVEL = "-Owholemodule";
				VALIDATE_PRODUCT = YES;
			};
			name = Release;
		};
		01EDDA431F0DD16800DAD2AB /* Debug */ = {
			isa = XCBuildConfiguration;
			buildSettings = {
				ASSETCATALOG_COMPILER_APPICON_NAME = AppIcon;
				DEVELOPMENT_TEAM = 7UXE8T6JQ7;
				INFOPLIST_FILE = JnglMobile/Info.plist;
				LD_RUNPATH_SEARCH_PATHS = "$(inherited) @executable_path/Frameworks";
				PRODUCT_BUNDLE_IDENTIFIER = co.aheadbyacentury.JnglMobile;
				PRODUCT_NAME = "$(TARGET_NAME)";
				SWIFT_VERSION = 4.0;
				TARGETED_DEVICE_FAMILY = "1,2";
			};
			name = Debug;
		};
		01EDDA441F0DD16800DAD2AB /* Release */ = {
			isa = XCBuildConfiguration;
			buildSettings = {
				ASSETCATALOG_COMPILER_APPICON_NAME = AppIcon;
				DEVELOPMENT_TEAM = 7UXE8T6JQ7;
				INFOPLIST_FILE = JnglMobile/Info.plist;
				LD_RUNPATH_SEARCH_PATHS = "$(inherited) @executable_path/Frameworks";
				PRODUCT_BUNDLE_IDENTIFIER = co.aheadbyacentury.JnglMobile;
				PRODUCT_NAME = "$(TARGET_NAME)";
				SWIFT_VERSION = 4.0;
				TARGETED_DEVICE_FAMILY = "1,2";
			};
			name = Release;
		};
/* End XCBuildConfiguration section */

/* Begin XCConfigurationList section */
		01EDDA2B1F0DD16700DAD2AB /* Build configuration list for PBXProject "JnglMobile" */ = {
			isa = XCConfigurationList;
			buildConfigurations = (
				01EDDA401F0DD16800DAD2AB /* Debug */,
				01EDDA411F0DD16800DAD2AB /* Release */,
			);
			defaultConfigurationIsVisible = 0;
			defaultConfigurationName = Release;
		};
		01EDDA421F0DD16800DAD2AB /* Build configuration list for PBXNativeTarget "JnglMobile" */ = {
			isa = XCConfigurationList;
			buildConfigurations = (
				01EDDA431F0DD16800DAD2AB /* Debug */,
				01EDDA441F0DD16800DAD2AB /* Release */,
			);
			defaultConfigurationIsVisible = 0;
		};
/* End XCConfigurationList section */
	};
	rootObject = 01EDDA281F0DD16700DAD2AB /* Project object */;
}
